// !$*UTF8*$!
{
	archiveVersion = 1;
	classes = {
	};
	objectVersion = 77;
	objects = {

/* Begin PBXBuildFile section */
		4FA7B9D52ACBB085DE474819 /* Pods_pixelmatch.framework in Frameworks */ = {isa = PBXBuildFile; fileRef = F884EF846462993FF58ED858 /* Pods_pixelmatch.framework */; };
		5C6CAF3B0F35CAA368294CE5 /* Pods_pixelmatchTests.framework in Frameworks */ = {isa = PBXBuildFile; fileRef = 5E4C8CA18D95B7A18310ED93 /* Pods_pixelmatchTests.framework */; };
		820A89C42FC7DCF000E752E4 /* HKAdKit in Frameworks */ = {isa = PBXBuildFile; productRef = 820A89C32FC7DCF000E752E4 /* HKAdKit */; };
		820A89C72FC7DD1E00E752E4 /* HKIAPKit in Frameworks */ = {isa = PBXBuildFile; productRef = 820A89C62FC7DD1E00E752E4 /* HKIAPKit */; };
		8291DD342FBC04CD00EEB142 /* HKIAPKit in Frameworks */ = {isa = PBXBuildFile; productRef = 8291DD332FBC04CD00EEB142 /* HKIAPKit */; };
		8291DD372FBC04DB00EEB142 /* SwiftyJSON in Frameworks */ = {isa = PBXBuildFile; productRef = 8291DD362FBC04DB00EEB142 /* SwiftyJSON */; };
		AD000003AD000003AD000003 /* HKAdKit in Frameworks */ = {isa = PBXBuildFile; productRef = AD000002AD000002AD000002 /* HKAdKit */; };
		BAA9D6AB21F043092825C466 /* Pods_pixelmatchUITests.framework in Frameworks */ = {isa = PBXBuildFile; fileRef = D8216BA7484079A65CA78719 /* Pods_pixelmatchUITests.framework */; };
/* End PBXBuildFile section */

/* Begin PBXContainerItemProxy section */
		8225E6202FACD1350055BB7F /* PBXContainerItemProxy */ = {
			isa = PBXContainerItemProxy;
			containerPortal = 8225E5FE2FACD1320055BB7F /* Project object */;
			proxyType = 1;
			remoteGlobalIDString = 8225E6052FACD1320055BB7F;
			remoteInfo = pixelmatch;
		};
		8225E62A2FACD1350055BB7F /* PBXContainerItemProxy */ = {
			isa = PBXContainerItemProxy;
			containerPortal = 8225E5FE2FACD1320055BB7F /* Project object */;
			proxyType = 1;
			remoteGlobalIDString = 8225E6052FACD1320055BB7F;
			remoteInfo = pixelmatch;
		};
/* End PBXContainerItemProxy section */

/* Begin PBXFileReference section */
		4C2E743D52ACFCE5502D9717 /* Pods-pixelmatchTests.release.xcconfig */ = {isa = PBXFileReference; includeInIndex = 1; lastKnownFileType = text.xcconfig; name = "Pods-pixelmatchTests.release.xcconfig"; path = "Target Support Files/Pods-pixelmatchTests/Pods-pixelmatchTests.release.xcconfig"; sourceTree = "<group>"; };
		5E4C8CA18D95B7A18310ED93 /* Pods_pixelmatchTests.framework */ = {isa = PBXFileReference; explicitFileType = wrapper.framework; includeInIndex = 0; path = Pods_pixelmatchTests.framework; sourceTree = BUILT_PRODUCTS_DIR; };
		627E6D78E2E03946702167F0 /* Pods-pixelmatchUITests.debug.xcconfig */ = {isa = PBXFileReference; includeInIndex = 1; lastKnownFileType = text.xcconfig; name = "Pods-pixelmatchUITests.debug.xcconfig"; path = "Target Support Files/Pods-pixelmatchUITests/Pods-pixelmatchUITests.debug.xcconfig"; sourceTree = "<group>"; };
		8225E6062FACD1320055BB7F /* pixelmatch.app */ = {isa = PBXFileReference; explicitFileType = wrapper.application; includeInIndex = 0; path = pixelmatch.app; sourceTree = BUILT_PRODUCTS_DIR; };
		8225E61F2FACD1350055BB7F /* pixelmatchTests.xctest */ = {isa = PBXFileReference; explicitFileType = wrapper.cfbundle; includeInIndex = 0; path = pixelmatchTests.xctest; sourceTree = BUILT_PRODUCTS_DIR; };
		8225E6292FACD1350055BB7F /* pixelmatchUITests.xctest */ = {isa = PBXFileReference; explicitFileType = wrapper.cfbundle; includeInIndex = 0; path = pixelmatchUITests.xctest; sourceTree = BUILT_PRODUCTS_DIR; };
		CB87C27D192A01FA3180E2DA /* Pods-pixelmatch.release.xcconfig */ = {isa = PBXFileReference; includeInIndex = 1; lastKnownFileType = text.xcconfig; name = "Pods-pixelmatch.release.xcconfig"; path = "Target Support Files/Pods-pixelmatch/Pods-pixelmatch.release.xcconfig"; sourceTree = "<group>"; };
		D03806F55B0596558E369243 /* Pods-pixelmatch.debug.xcconfig */ = {isa = PBXFileReference; includeInIndex = 1; lastKnownFileType = text.xcconfig; name = "Pods-pixelmatch.debug.xcconfig"; path = "Target Support Files/Pods-pixelmatch/Pods-pixelmatch.debug.xcconfig"; sourceTree = "<group>"; };
		D8216BA7484079A65CA78719 /* Pods_pixelmatchUITests.framework */ = {isa = PBXFileReference; explicitFileType = wrapper.framework; includeInIndex = 0; path = Pods_pixelmatchUITests.framework; sourceTree = BUILT_PRODUCTS_DIR; };
		E9BE3A8BDA654174B7FCC4EE /* Pods-pixelmatchTests.debug.xcconfig */ = {isa = PBXFileReference; includeInIndex = 1; lastKnownFileType = text.xcconfig; name = "Pods-pixelmatchTests.debug.xcconfig"; path = "Target Support Files/Pods-pixelmatchTests/Pods-pixelmatchTests.debug.xcconfig"; sourceTree = "<group>"; };
		EA9719D0B1990A7DDF5A6B9A /* Pods-pixelmatchUITests.release.xcconfig */ = {isa = PBXFileReference; includeInIndex = 1; lastKnownFileType = text.xcconfig; name = "Pods-pixelmatchUITests.release.xcconfig"; path = "Target Support Files/Pods-pixelmatchUITests/Pods-pixelmatchUITests.release.xcconfig"; sourceTree = "<group>"; };
		F884EF846462993FF58ED858 /* Pods_pixelmatch.framework */ = {isa = PBXFileReference; explicitFileType = wrapper.framework; includeInIndex = 0; path = Pods_pixelmatch.framework; sourceTree = BUILT_PRODUCTS_DIR; };
/* End PBXFileReference section */

/* Begin PBXFileSystemSynchronizedBuildFileExceptionSet section */
		82F2D0E42FC481EF00052082 /* Exceptions for "pixelmatch" folder in "pixelmatch" target */ = {
			isa = PBXFileSystemSynchronizedBuildFileExceptionSet;
			membershipExceptions = (
				Info.plist,
			);
			target = 8225E6052FACD1320055BB7F /* pixelmatch */;
		};
/* End PBXFileSystemSynchronizedBuildFileExceptionSet section */

/* Begin PBXFileSystemSynchronizedRootGroup section */
		8225E6082FACD1320055BB7F /* pixelmatch */ = {
			isa = PBXFileSystemSynchronizedRootGroup;
			exceptions = (
				82F2D0E42FC481EF00052082 /* Exceptions for "pixelmatch" folder in "pixelmatch" target */,
			);
			path = pixelmatch;
			sourceTree = "<group>";
		};
		8225E6222FACD1350055BB7F /* pixelmatchTests */ = {
			isa = PBXFileSystemSynchronizedRootGroup;
			exceptions = (
			);
			path = pixelmatchTests;
			sourceTree = "<group>";
		};
		8225E62C2FACD1350055BB7F /* pixelmatchUITests */ = {
			isa = PBXFileSystemSynchronizedRootGroup;
			exceptions = (
			);
			path = pixelmatchUITests;
			sourceTree = "<group>";
		};
/* End PBXFileSystemSynchronizedRootGroup section */

/* Begin PBXFrameworksBuildPhase section */
		8225E6032FACD1320055BB7F /* Frameworks */ = {
			isa = PBXFrameworksBuildPhase;
			buildActionMask = 2147483647;
			files = (
				8291DD372FBC04DB00EEB142 /* SwiftyJSON in Frameworks */,
				820A89C42FC7DCF000E752E4 /* HKAdKit in Frameworks */,
				8291DD342FBC04CD00EEB142 /* HKIAPKit in Frameworks */,
				AD000003AD000003AD000003 /* HKAdKit in Frameworks */,
				4FA7B9D52ACBB085DE474819 /* Pods_pixelmatch.framework in Frameworks */,
				820A89C72FC7DD1E00E752E4 /* HKIAPKit in Frameworks */,
			);
			runOnlyForDeploymentPostprocessing = 0;
		};
		8225E61C2FACD1350055BB7F /* Frameworks */ = {
			isa = PBXFrameworksBuildPhase;
			buildActionMask = 2147483647;
			files = (
				5C6CAF3B0F35CAA368294CE5 /* Pods_pixelmatchTests.framework in Frameworks */,
			);
			runOnlyForDeploymentPostprocessing = 0;
		};
		8225E6262FACD1350055BB7F /* Frameworks */ = {
			isa = PBXFrameworksBuildPhase;
			buildActionMask = 2147483647;
			files = (
				BAA9D6AB21F043092825C466 /* Pods_pixelmatchUITests.framework in Frameworks */,
			);
			runOnlyForDeploymentPostprocessing = 0;
		};
/* End PBXFrameworksBuildPhase section */

/* Begin PBXGroup section */
		8225E5FD2FACD1320055BB7F = {
			isa = PBXGroup;
			children = (
				8225E6082FACD1320055BB7F /* pixelmatch */,
				8225E6222FACD1350055BB7F /* pixelmatchTests */,
				8225E62C2FACD1350055BB7F /* pixelmatchUITests */,
				8225E6072FACD1320055BB7F /* Products */,
				B73CD81E7A48A0BD1F6AF27D /* Pods */,
				F7D00383DD35165A911802A9 /* Frameworks */,
			);
			sourceTree = "<group>";
		};
		8225E6072FACD1320055BB7F /* Products */ = {
			isa = PBXGroup;
			children = (
				8225E6062FACD1320055BB7F /* pixelmatch.app */,
				8225E61F2FACD1350055BB7F /* pixelmatchTests.xctest */,
				8225E6292FACD1350055BB7F /* pixelmatchUITests.xctest */,
			);
			name = Products;
			sourceTree = "<group>";
		};
		B73CD81E7A48A0BD1F6AF27D /* Pods */ = {
			isa = PBXGroup;
			children = (
				D03806F55B0596558E369243 /* Pods-pixelmatch.debug.xcconfig */,
				CB87C27D192A01FA3180E2DA /* Pods-pixelmatch.release.xcconfig */,
				E9BE3A8BDA654174B7FCC4EE /* Pods-pixelmatchTests.debug.xcconfig */,
				4C2E743D52ACFCE5502D9717 /* Pods-pixelmatchTests.release.xcconfig */,
				627E6D78E2E03946702167F0 /* Pods-pixelmatchUITests.debug.xcconfig */,
				EA9719D0B1990A7DDF5A6B9A /* Pods-pixelmatchUITests.release.xcconfig */,
			);
			path = Pods;
			sourceTree = "<group>";
		};
		F7D00383DD35165A911802A9 /* Frameworks */ = {
			isa = PBXGroup;
			children = (
				F884EF846462993FF58ED858 /* Pods_pixelmatch.framework */,
				5E4C8CA18D95B7A18310ED93 /* Pods_pixelmatchTests.framework */,
				D8216BA7484079A65CA78719 /* Pods_pixelmatchUITests.framework */,
			);
			name = Frameworks;
			sourceTree = "<group>";
		};
/* End PBXGroup section */

/* Begin PBXNativeTarget section */
		8225E6052FACD1320055BB7F /* pixelmatch */ = {
			isa = PBXNativeTarget;
			buildConfigurationList = 8225E6332FACD1350055BB7F /* Build configuration list for PBXNativeTarget "pixelmatch" */;
			buildPhases = (
				AA76834254CF2D9B6AD94ABA /* [CP] Check Pods Manifest.lock */,
				8225E6022FACD1320055BB7F /* Sources */,
				8225E6032FACD1320055BB7F /* Frameworks */,
				8225E6042FACD1320055BB7F /* Resources */,
				60D578C8D7FC804FFAA462F1 /* [CP] Embed Pods Frameworks */,
				13AE1BF969D821D2EBCC698E /* [CP] Copy Pods Resources */,
			);
			buildRules = (
			);
			dependencies = (
			);
			fileSystemSynchronizedGroups = (
				8225E6082FACD1320055BB7F /* pixelmatch */,
			);
			name = pixelmatch;
			packageProductDependencies = (
				8291DD332FBC04CD00EEB142 /* HKIAPKit */,
				AD000002AD000002AD000002 /* HKAdKit */,
				8291DD362FBC04DB00EEB142 /* SwiftyJSON */,
				820A89C32FC7DCF000E752E4 /* HKAdKit */,
				820A89C62FC7DD1E00E752E4 /* HKIAPKit */,
			);
			productName = pixelmatch;
			productReference = 8225E6062FACD1320055BB7F /* pixelmatch.app */;
			productType = "com.apple.product-type.application";
		};
		8225E61E2FACD1350055BB7F /* pixelmatchTests */ = {
			isa = PBXNativeTarget;
			buildConfigurationList = 8225E6362FACD1350055BB7F /* Build configuration list for PBXNativeTarget "pixelmatchTests" */;
			buildPhases = (
				7E230CF0FF3045C00606E9D9 /* [CP] Check Pods Manifest.lock */,
				8225E61B2FACD1350055BB7F /* Sources */,
				8225E61C2FACD1350055BB7F /* Frameworks */,
				8225E61D2FACD1350055BB7F /* Resources */,
			);
			buildRules = (
			);
			dependencies = (
				8225E6212FACD1350055BB7F /* PBXTargetDependency */,
			);
			fileSystemSynchronizedGroups = (
				8225E6222FACD1350055BB7F /* pixelmatchTests */,
			);
			name = pixelmatchTests;
			productName = pixelmatchTests;
			productReference = 8225E61F2FACD1350055BB7F /* pixelmatchTests.xctest */;
			productType = "com.apple.product-type.bundle.unit-test";
		};
		8225E6282FACD1350055BB7F /* pixelmatchUITests */ = {
			isa = PBXNativeTarget;
			buildConfigurationList = 8225E6392FACD1350055BB7F /* Build configuration list for PBXNativeTarget "pixelmatchUITests" */;
			buildPhases = (
				BF7989EFC90184A5789E4D64 /* [CP] Check Pods Manifest.lock */,
				8225E6252FACD1350055BB7F /* Sources */,
				8225E6262FACD1350055BB7F /* Frameworks */,
				8225E6272FACD1350055BB7F /* Resources */,
			);
			buildRules = (
			);
			dependencies = (
				8225E62B2FACD1350055BB7F /* PBXTargetDependency */,
			);
			fileSystemSynchronizedGroups = (
				8225E62C2FACD1350055BB7F /* pixelmatchUITests */,
			);
			name = pixelmatchUITests;
			productName = pixelmatchUITests;
			productReference = 8225E6292FACD1350055BB7F /* pixelmatchUITests.xctest */;
			productType = "com.apple.product-type.bundle.ui-testing";
		};
/* End PBXNativeTarget section */

/* Begin PBXProject section */
		8225E5FE2FACD1320055BB7F /* Project object */ = {
			isa = PBXProject;
			attributes = {
				BuildIndependentTargetsInParallel = 1;
				LastSwiftUpdateCheck = 2630;
				LastUpgradeCheck = 2630;
				TargetAttributes = {
					8225E6052FACD1320055BB7F = {
						CreatedOnToolsVersion = 26.3;
					};
					8225E61E2FACD1350055BB7F = {
						CreatedOnToolsVersion = 26.3;
						TestTargetID = 8225E6052FACD1320055BB7F;
					};
					8225E6282FACD1350055BB7F = {
						CreatedOnToolsVersion = 26.3;
						TestTargetID = 8225E6052FACD1320055BB7F;
					};
				};
			};
			buildConfigurationList = 8225E6012FACD1320055BB7F /* Build configuration list for PBXProject "pixelmatch" */;
			developmentRegion = en;
			hasScannedForEncodings = 0;
			knownRegions = (
				en,
				Base,
				"zh-Hans",
				"zh-Hant",
				de,
				fr,
				ja,
				ko,
				ar,
				it,
				es,
				"pt-BR",
				"pt-PT",
				da,
				nl,
				nb,
				sv,
				vi,
				tr,
			);
			mainGroup = 8225E5FD2FACD1320055BB7F;
			minimizedProjectReferenceProxies = 1;
			packageReferences = (
				8291DD352FBC04DB00EEB142 /* XCRemoteSwiftPackageReference "SwiftyJSON" */,
				820A89C22FC7DCF000E752E4 /* XCRemoteSwiftPackageReference "HKAdKit" */,
				820A89C52FC7DD1E00E752E4 /* XCRemoteSwiftPackageReference "HKIAPKit" */,
			);
			preferredProjectObjectVersion = 77;
			productRefGroup = 8225E6072FACD1320055BB7F /* Products */;
			projectDirPath = "";
			projectRoot = "";
			targets = (
				8225E6052FACD1320055BB7F /* pixelmatch */,
				8225E61E2FACD1350055BB7F /* pixelmatchTests */,
				8225E6282FACD1350055BB7F /* pixelmatchUITests */,
			);
		};
/* End PBXProject section */

/* Begin PBXResourcesBuildPhase section */
		8225E6042FACD1320055BB7F /* Resources */ = {
			isa = PBXResourcesBuildPhase;
			buildActionMask = 2147483647;
			files = (
			);
			runOnlyForDeploymentPostprocessing = 0;
		};
		8225E61D2FACD1350055BB7F /* Resources */ = {
			isa = PBXResourcesBuildPhase;
			buildActionMask = 2147483647;
			files = (
			);
			runOnlyForDeploymentPostprocessing = 0;
		};
		8225E6272FACD1350055BB7F /* Resources */ = {
			isa = PBXResourcesBuildPhase;
			buildActionMask = 2147483647;
			files = (
			);
			runOnlyForDeploymentPostprocessing = 0;
		};
/* End PBXResourcesBuildPhase section */

/* Begin PBXShellScriptBuildPhase section */
		13AE1BF969D821D2EBCC698E /* [CP] Copy Pods Resources */ = {
			isa = PBXShellScriptBuildPhase;
			buildActionMask = 2147483647;
			files = (
			);
			inputFileListPaths = (
				"${PODS_ROOT}/Target Support Files/Pods-pixelmatch/Pods-pixelmatch-resources-${CONFIGURATION}-input-files.xcfilelist",
			);
			name = "[CP] Copy Pods Resources";
			outputFileListPaths = (
				"${PODS_ROOT}/Target Support Files/Pods-pixelmatch/Pods-pixelmatch-resources-${CONFIGURATION}-output-files.xcfilelist",
			);
			runOnlyForDeploymentPostprocessing = 0;
			shellPath = /bin/sh;
			shellScript = "\"${PODS_ROOT}/Target Support Files/Pods-pixelmatch/Pods-pixelmatch-resources.sh\"\n";
			showEnvVarsInLog = 0;
		};
		60D578C8D7FC804FFAA462F1 /* [CP] Embed Pods Frameworks */ = {
			isa = PBXShellScriptBuildPhase;
			buildActionMask = 2147483647;
			files = (
			);
			inputFileListPaths = (
				"${PODS_ROOT}/Target Support Files/Pods-pixelmatch/Pods-pixelmatch-frameworks-${CONFIGURATION}-input-files.xcfilelist",
			);
			name = "[CP] Embed Pods Frameworks";
			outputFileListPaths = (
				"${PODS_ROOT}/Target Support Files/Pods-pixelmatch/Pods-pixelmatch-frameworks-${CONFIGURATION}-output-files.xcfilelist",
			);
			runOnlyForDeploymentPostprocessing = 0;
			shellPath = /bin/sh;
			shellScript = "\"${PODS_ROOT}/Target Support Files/Pods-pixelmatch/Pods-pixelmatch-frameworks.sh\"\n";
			showEnvVarsInLog = 0;
		};
		7E230CF0FF3045C00606E9D9 /* [CP] Check Pods Manifest.lock */ = {
			isa = PBXShellScriptBuildPhase;
			buildActionMask = 2147483647;
			files = (
			);
			inputFileListPaths = (
			);
			inputPaths = (
				"${PODS_PODFILE_DIR_PATH}/Podfile.lock",
				"${PODS_ROOT}/Manifest.lock",
			);
			name = "[CP] Check Pods Manifest.lock";
			outputFileListPaths = (
			);
			outputPaths = (
				"$(DERIVED_FILE_DIR)/Pods-pixelmatchTests-checkManifestLockResult.txt",
			);
			runOnlyForDeploymentPostprocessing = 0;
			shellPath = /bin/sh;
			shellScript = "diff \"${PODS_PODFILE_DIR_PATH}/Podfile.lock\" \"${PODS_ROOT}/Manifest.lock\" > /dev/null\nif [ $? != 0 ] ; then\n    # print error to STDERR\n    echo \"error: The sandbox is not in sync with the Podfile.lock. Run 'pod install' or update your CocoaPods installation.\" >&2\n    exit 1\nfi\n# This output is used by Xcode 'outputs' to avoid re-running this script phase.\necho \"SUCCESS\" > \"${SCRIPT_OUTPUT_FILE_0}\"\n";
			showEnvVarsInLog = 0;
		};
		AA76834254CF2D9B6AD94ABA /* [CP] Check Pods Manifest.lock */ = {
			isa = PBXShellScriptBuildPhase;
			buildActionMask = 2147483647;
			files = (
			);
			inputFileListPaths = (
			);
			inputPaths = (
				"${PODS_PODFILE_DIR_PATH}/Podfile.lock",
				"${PODS_ROOT}/Manifest.lock",
			);
			name = "[CP] Check Pods Manifest.lock";
			outputFileListPaths = (
			);
			outputPaths = (
				"$(DERIVED_FILE_DIR)/Pods-pixelmatch-checkManifestLockResult.txt",
			);
			runOnlyForDeploymentPostprocessing = 0;
			shellPath = /bin/sh;
			shellScript = "diff \"${PODS_PODFILE_DIR_PATH}/Podfile.lock\" \"${PODS_ROOT}/Manifest.lock\" > /dev/null\nif [ $? != 0 ] ; then\n    # print error to STDERR\n    echo \"error: The sandbox is not in sync with the Podfile.lock. Run 'pod install' or update your CocoaPods installation.\" >&2\n    exit 1\nfi\n# This output is used by Xcode 'outputs' to avoid re-running this script phase.\necho \"SUCCESS\" > \"${SCRIPT_OUTPUT_FILE_0}\"\n";
			showEnvVarsInLog = 0;
		};
		BF7989EFC90184A5789E4D64 /* [CP] Check Pods Manifest.lock */ = {
			isa = PBXShellScriptBuildPhase;
			buildActionMask = 2147483647;
			files = (
			);
			inputFileListPaths = (
			);
			inputPaths = (
				"${PODS_PODFILE_DIR_PATH}/Podfile.lock",
				"${PODS_ROOT}/Manifest.lock",
			);
			name = "[CP] Check Pods Manifest.lock";
			outputFileListPaths = (
			);
			outputPaths = (
				"$(DERIVED_FILE_DIR)/Pods-pixelmatchUITests-checkManifestLockResult.txt",
			);
			runOnlyForDeploymentPostprocessing = 0;
			shellPath = /bin/sh;
			shellScript = "diff \"${PODS_PODFILE_DIR_PATH}/Podfile.lock\" \"${PODS_ROOT}/Manifest.lock\" > /dev/null\nif [ $? != 0 ] ; then\n    # print error to STDERR\n    echo \"error: The sandbox is not in sync with the Podfile.lock. Run 'pod install' or update your CocoaPods installation.\" >&2\n    exit 1\nfi\n# This output is used by Xcode 'outputs' to avoid re-running this script phase.\necho \"SUCCESS\" > \"${SCRIPT_OUTPUT_FILE_0}\"\n";
			showEnvVarsInLog = 0;
		};
/* End PBXShellScriptBuildPhase section */

/* Begin PBXSourcesBuildPhase section */
		8225E6022FACD1320055BB7F /* Sources */ = {
			isa = PBXSourcesBuildPhase;
			buildActionMask = 2147483647;
			files = (
			);
			runOnlyForDeploymentPostprocessing = 0;
		};
		8225E61B2FACD1350055BB7F /* Sources */ = {
			isa = PBXSourcesBuildPhase;
			buildActionMask = 2147483647;
			files = (
			);
			runOnlyForDeploymentPostprocessing = 0;
		};
		8225E6252FACD1350055BB7F /* Sources */ = {
			isa = PBXSourcesBuildPhase;
			buildActionMask = 2147483647;
			files = (
			);
			runOnlyForDeploymentPostprocessing = 0;
		};
/* End PBXSourcesBuildPhase section */

/* Begin PBXTargetDependency section */
		8225E6212FACD1350055BB7F /* PBXTargetDependency */ = {
			isa = PBXTargetDependency;
			target = 8225E6052FACD1320055BB7F /* pixelmatch */;
			targetProxy = 8225E6202FACD1350055BB7F /* PBXContainerItemProxy */;
		};
		8225E62B2FACD1350055BB7F /* PBXTargetDependency */ = {
			isa = PBXTargetDependency;
			target = 8225E6052FACD1320055BB7F /* pixelmatch */;
			targetProxy = 8225E62A2FACD1350055BB7F /* PBXContainerItemProxy */;
		};
/* End PBXTargetDependency section */

/* Begin XCBuildConfiguration section */
		8225E6312FACD1350055BB7F /* Debug */ = {
			isa = XCBuildConfiguration;
			buildSettings = {
				ALWAYS_SEARCH_USER_PATHS = NO;
				ASSETCATALOG_COMPILER_GENERATE_SWIFT_ASSET_SYMBOL_EXTENSIONS = YES;
				CLANG_ANALYZER_NONNULL = YES;
				CLANG_ANALYZER_NUMBER_OBJECT_CONVERSION = YES_AGGRESSIVE;
				CLANG_CXX_LANGUAGE_STANDARD = "gnu++20";
				CLANG_ENABLE_MODULES = YES;
				CLANG_ENABLE_OBJC_ARC = YES;
				CLANG_ENABLE_OBJC_WEAK = YES;
				CLANG_WARN_BLOCK_CAPTURE_AUTORELEASING = YES;
				CLANG_WARN_BOOL_CONVERSION = YES;
				CLANG_WARN_COMMA = YES;
				CLANG_WARN_CONSTANT_CONVERSION = YES;
				CLANG_WARN_DEPRECATED_OBJC_IMPLEMENTATIONS = YES;
				CLANG_WARN_DIRECT_OBJC_ISA_USAGE = YES_ERROR;
				CLANG_WARN_DOCUMENTATION_COMMENTS = YES;
				CLANG_WARN_EMPTY_BODY = YES;
				CLANG_WARN_ENUM_CONVERSION = YES;
				CLANG_WARN_INFINITE_RECURSION = YES;
				CLANG_WARN_INT_CONVERSION = YES;
				CLANG_WARN_NON_LITERAL_NULL_CONVERSION = YES;
				CLANG_WARN_OBJC_IMPLICIT_RETAIN_SELF = YES;
				CLANG_WARN_OBJC_LITERAL_CONVERSION = YES;
				CLANG_WARN_OBJC_ROOT_CLASS = YES_ERROR;
				CLANG_WARN_QUOTED_INCLUDE_IN_FRAMEWORK_HEADER = YES;
				CLANG_WARN_RANGE_LOOP_ANALYSIS = YES;
				CLANG_WARN_STRICT_PROTOTYPES = YES;
				CLANG_WARN_SUSPICIOUS_MOVE = YES;
				CLANG_WARN_UNGUARDED_AVAILABILITY = YES_AGGRESSIVE;
				CLANG_WARN_UNREACHABLE_CODE = YES;
				CLANG_WARN__DUPLICATE_METHOD_MATCH = YES;
				COPY_PHASE_STRIP = NO;
				DEBUG_INFORMATION_FORMAT = dwarf;
				DEVELOPMENT_TEAM = X43383F6CJ;
				ENABLE_STRICT_OBJC_MSGSEND = YES;
				ENABLE_TESTABILITY = YES;
				ENABLE_USER_SCRIPT_SANDBOXING = NO;
				GCC_C_LANGUAGE_STANDARD = gnu17;
				GCC_DYNAMIC_NO_PIC = NO;
				GCC_NO_COMMON_BLOCKS = YES;
				GCC_OPTIMIZATION_LEVEL = 0;
				GCC_PREPROCESSOR_DEFINITIONS = (
					"DEBUG=1",
					"$(inherited)",
				);
				GCC_WARN_64_TO_32_BIT_CONVERSION = YES;
				GCC_WARN_ABOUT_RETURN_TYPE = YES_ERROR;
				GCC_WARN_UNDECLARED_SELECTOR = YES;
				GCC_WARN_UNINITIALIZED_AUTOS = YES_AGGRESSIVE;
				GCC_WARN_UNUSED_FUNCTION = YES;
				GCC_WARN_UNUSED_VARIABLE = YES;
				IPHONEOS_DEPLOYMENT_TARGET = 15.6;
				LOCALIZATION_PREFERS_STRING_CATALOGS = YES;
				MTL_ENABLE_DEBUG_INFO = INCLUDE_SOURCE;
				MTL_FAST_MATH = YES;
				ONLY_ACTIVE_ARCH = YES;
				SDKROOT = iphoneos;
				SWIFT_ACTIVE_COMPILATION_CONDITIONS = "DEBUG $(inherited)";
				SWIFT_OPTIMIZATION_LEVEL = "-Onone";
			};
			name = Debug;
		};
		8225E6322FACD1350055BB7F /* Release */ = {
			isa = XCBuildConfiguration;
			buildSettings = {
				ALWAYS_SEARCH_USER_PATHS = NO;
				ASSETCATALOG_COMPILER_GENERATE_SWIFT_ASSET_SYMBOL_EXTENSIONS = YES;
				CLANG_ANALYZER_NONNULL = YES;
				CLANG_ANALYZER_NUMBER_OBJECT_CONVERSION = YES_AGGRESSIVE;
				CLANG_CXX_LANGUAGE_STANDARD = "gnu++20";
				CLANG_ENABLE_MODULES = YES;
				CLANG_ENABLE_OBJC_ARC = YES;
				CLANG_ENABLE_OBJC_WEAK = YES;
				CLANG_WARN_BLOCK_CAPTURE_AUTORELEASING = YES;
				CLANG_WARN_BOOL_CONVERSION = YES;
				CLANG_WARN_COMMA = YES;
				CLANG_WARN_CONSTANT_CONVERSION = YES;
				CLANG_WARN_DEPRECATED_OBJC_IMPLEMENTATIONS = YES;
				CLANG_WARN_DIRECT_OBJC_ISA_USAGE = YES_ERROR;
				CLANG_WARN_DOCUMENTATION_COMMENTS = YES;
				CLANG_WARN_EMPTY_BODY = YES;
				CLANG_WARN_ENUM_CONVERSION = YES;
				CLANG_WARN_INFINITE_RECURSION = YES;
				CLANG_WARN_INT_CONVERSION = YES;
				CLANG_WARN_NON_LITERAL_NULL_CONVERSION = YES;
				CLANG_WARN_OBJC_IMPLICIT_RETAIN_SELF = YES;
				CLANG_WARN_OBJC_LITERAL_CONVERSION = YES;
				CLANG_WARN_OBJC_ROOT_CLASS = YES_ERROR;
				CLANG_WARN_QUOTED_INCLUDE_IN_FRAMEWORK_HEADER = YES;
				CLANG_WARN_RANGE_LOOP_ANALYSIS = YES;
				CLANG_WARN_STRICT_PROTOTYPES = YES;
				CLANG_WARN_SUSPICIOUS_MOVE = YES;
				CLANG_WARN_UNGUARDED_AVAILABILITY = YES_AGGRESSIVE;
				CLANG_WARN_UNREACHABLE_CODE = YES;
				CLANG_WARN__DUPLICATE_METHOD_MATCH = YES;
				COPY_PHASE_STRIP = NO;
				DEBUG_INFORMATION_FORMAT = "dwarf-with-dsym";
				DEVELOPMENT_TEAM = X43383F6CJ;
				ENABLE_NS_ASSERTIONS = NO;
				ENABLE_STRICT_OBJC_MSGSEND = YES;
				ENABLE_USER_SCRIPT_SANDBOXING = NO;
				GCC_C_LANGUAGE_STANDARD = gnu17;
				GCC_NO_COMMON_BLOCKS = YES;
				GCC_WARN_64_TO_32_BIT_CONVERSION = YES;
				GCC_WARN_ABOUT_RETURN_TYPE = YES_ERROR;
				GCC_WARN_UNDECLARED_SELECTOR = YES;
				GCC_WARN_UNINITIALIZED_AUTOS = YES_AGGRESSIVE;
				GCC_WARN_UNUSED_FUNCTION = YES;
				GCC_WARN_UNUSED_VARIABLE = YES;
				IPHONEOS_DEPLOYMENT_TARGET = 15.6;
				LOCALIZATION_PREFERS_STRING_CATALOGS = YES;
				MTL_ENABLE_DEBUG_INFO = NO;
				MTL_FAST_MATH = YES;
				SDKROOT = iphoneos;
				SWIFT_COMPILATION_MODE = wholemodule;
				VALIDATE_PRODUCT = YES;
			};
			name = Release;
		};
		8225E6342FACD1350055BB7F /* Debug */ = {
			isa = XCBuildConfiguration;
			baseConfigurationReference = D03806F55B0596558E369243 /* Pods-pixelmatch.debug.xcconfig */;
			buildSettings = {
				ASSETCATALOG_COMPILER_APPICON_NAME = AppIcon;
				ASSETCATALOG_COMPILER_GLOBAL_ACCENT_COLOR_NAME = AccentColor;
				CODE_SIGN_ENTITLEMENTS = pixelmatch/pixelmatch.entitlements;
				CODE_SIGN_STYLE = Automatic;
				CURRENT_PROJECT_VERSION = 12;
				DEVELOPMENT_TEAM = X43383F6CJ;
				ENABLE_USER_SCRIPT_SANDBOXING = NO;
				GENERATE_INFOPLIST_FILE = YES;
				INFOPLIST_FILE = pixelmatch/Info.plist;
				INFOPLIST_KEY_CFBundleDisplayName = "Pixel Match：像素修复";
				INFOPLIST_KEY_UIApplicationSupportsIndirectInputEvents = YES;
				INFOPLIST_KEY_UILaunchScreen_Generation = YES;
				INFOPLIST_KEY_UIRequiresFullScreen = YES;
				INFOPLIST_KEY_UIStatusBarHidden = YES;
				INFOPLIST_KEY_UISupportedInterfaceOrientations_iPad = UIInterfaceOrientationPortrait;
				INFOPLIST_KEY_UISupportedInterfaceOrientations_iPhone = UIInterfaceOrientationPortrait;
				IPHONEOS_DEPLOYMENT_TARGET = 15.6;
				LD_RUNPATH_SEARCH_PATHS = (
					"$(inherited)",
					"@executable_path/Frameworks",
				);
				MARKETING_VERSION = 0.0.1;
				PRODUCT_BUNDLE_IDENTIFIER = com.goodloook.pixelmatch;
				PRODUCT_NAME = "$(TARGET_NAME)";
				STRING_CATALOG_GENERATE_SYMBOLS = YES;
				SWIFT_APPROACHABLE_CONCURRENCY = YES;
				SWIFT_DEFAULT_ACTOR_ISOLATION = MainActor;
				SWIFT_EMIT_LOC_STRINGS = YES;
				SWIFT_OBJC_BRIDGING_HEADER = "pixelmatch/pixelmatch-Bridging-Header.h";
				SWIFT_UPCOMING_FEATURE_MEMBER_IMPORT_VISIBILITY = YES;
				SWIFT_VERSION = 5.0;
				TARGETED_DEVICE_FAMILY = "1,2";
			};
			name = Debug;
		};
		8225E6352FACD1350055BB7F /* Release */ = {
			isa = XCBuildConfiguration;
			baseConfigurationReference = CB87C27D192A01FA3180E2DA /* Pods-pixelmatch.release.xcconfig */;
			buildSettings = {
				ASSETCATALOG_COMPILER_APPICON_NAME = AppIcon;
				ASSETCATALOG_COMPILER_GLOBAL_ACCENT_COLOR_NAME = AccentColor;
				CODE_SIGN_ENTITLEMENTS = pixelmatch/pixelmatch.entitlements;
				CODE_SIGN_STYLE = Automatic;
				CURRENT_PROJECT_VERSION = 12;
				DEVELOPMENT_TEAM = X43383F6CJ;
				ENABLE_USER_SCRIPT_SANDBOXING = NO;
				GENERATE_INFOPLIST_FILE = YES;
				INFOPLIST_FILE = pixelmatch/Info.plist;
				INFOPLIST_KEY_CFBundleDisplayName = "Pixel Match：像素修复";
				INFOPLIST_KEY_UIApplicationSupportsIndirectInputEvents = YES;
				INFOPLIST_KEY_UILaunchScreen_Generation = YES;
				INFOPLIST_KEY_UIRequiresFullScreen = YES;
				INFOPLIST_KEY_UIStatusBarHidden = YES;
				INFOPLIST_KEY_UISupportedInterfaceOrientations_iPad = UIInterfaceOrientationPortrait;
				INFOPLIST_KEY_UISupportedInterfaceOrientations_iPhone = UIInterfaceOrientationPortrait;
				IPHONEOS_DEPLOYMENT_TARGET = 15.6;
				LD_RUNPATH_SEARCH_PATHS = (
					"$(inherited)",
					"@executable_path/Frameworks",
				);
				MARKETING_VERSION = 0.0.1;
				PRODUCT_BUNDLE_IDENTIFIER = com.goodloook.pixelmatch;
				PRODUCT_NAME = "$(TARGET_NAME)";
				STRING_CATALOG_GENERATE_SYMBOLS = YES;
				SWIFT_ACTIVE_COMPILATION_CONDITIONS = "APPSTORE $(inherited)";
				SWIFT_APPROACHABLE_CONCURRENCY = YES;
				SWIFT_DEFAULT_ACTOR_ISOLATION = MainActor;
				SWIFT_EMIT_LOC_STRINGS = YES;
				SWIFT_OBJC_BRIDGING_HEADER = "pixelmatch/pixelmatch-Bridging-Header.h";
				SWIFT_UPCOMING_FEATURE_MEMBER_IMPORT_VISIBILITY = YES;
				SWIFT_VERSION = 5.0;
				TARGETED_DEVICE_FAMILY = "1,2";
			};
			name = Release;
		};
		8225E6372FACD1350055BB7F /* Debug */ = {
			isa = XCBuildConfiguration;
			baseConfigurationReference = E9BE3A8BDA654174B7FCC4EE /* Pods-pixelmatchTests.debug.xcconfig */;
			buildSettings = {
				BUNDLE_LOADER = "$(TEST_HOST)";
				CODE_SIGN_STYLE = Automatic;
				CURRENT_PROJECT_VERSION = 12;
				DEVELOPMENT_TEAM = X43383F6CJ;
				ENABLE_USER_SCRIPT_SANDBOXING = NO;
				GENERATE_INFOPLIST_FILE = YES;
				IPHONEOS_DEPLOYMENT_TARGET = 15.6;
				MARKETING_VERSION = 1.0;
				PRODUCT_BUNDLE_IDENTIFIER = com.goodloook.pixelmatchTests;
				PRODUCT_NAME = "$(TARGET_NAME)";
				STRING_CATALOG_GENERATE_SYMBOLS = NO;
				SWIFT_APPROACHABLE_CONCURRENCY = YES;
				SWIFT_EMIT_LOC_STRINGS = NO;
				SWIFT_UPCOMING_FEATURE_MEMBER_IMPORT_VISIBILITY = YES;
				SWIFT_VERSION = 5.0;
				TARGETED_DEVICE_FAMILY = "1,2";
				TEST_HOST = "$(BUILT_PRODUCTS_DIR)/pixelmatch.app/$(BUNDLE_EXECUTABLE_FOLDER_PATH)/pixelmatch";
			};
			name = Debug;
		};
		8225E6382FACD1350055BB7F /* Release */ = {
			isa = XCBuildConfiguration;
			baseConfigurationReference = 4C2E743D52ACFCE5502D9717 /* Pods-pixelmatchTests.release.xcconfig */;
			buildSettings = {
				BUNDLE_LOADER = "$(TEST_HOST)";
				CODE_SIGN_STYLE = Automatic;
				CURRENT_PROJECT_VERSION = 12;
				DEVELOPMENT_TEAM = X43383F6CJ;
				ENABLE_USER_SCRIPT_SANDBOXING = NO;
				GENERATE_INFOPLIST_FILE = YES;
				IPHONEOS_DEPLOYMENT_TARGET = 15.6;
				MARKETING_VERSION = 1.0;
				PRODUCT_BUNDLE_IDENTIFIER = com.goodloook.pixelmatchTests;
				PRODUCT_NAME = "$(TARGET_NAME)";
				STRING_CATALOG_GENERATE_SYMBOLS = NO;
				SWIFT_APPROACHABLE_CONCURRENCY = YES;
				SWIFT_EMIT_LOC_STRINGS = NO;
				SWIFT_UPCOMING_FEATURE_MEMBER_IMPORT_VISIBILITY = YES;
				SWIFT_VERSION = 5.0;
				TARGETED_DEVICE_FAMILY = "1,2";
				TEST_HOST = "$(BUILT_PRODUCTS_DIR)/pixelmatch.app/$(BUNDLE_EXECUTABLE_FOLDER_PATH)/pixelmatch";
			};
			name = Release;
		};
		8225E63A2FACD1350055BB7F /* Debug */ = {
			isa = XCBuildConfiguration;
			baseConfigurationReference = 627E6D78E2E03946702167F0 /* Pods-pixelmatchUITests.debug.xcconfig */;
			buildSettings = {
				CODE_SIGN_STYLE = Automatic;
				CURRENT_PROJECT_VERSION = 12;
				DEVELOPMENT_TEAM = X43383F6CJ;
				ENABLE_USER_SCRIPT_SANDBOXING = NO;
				GENERATE_INFOPLIST_FILE = YES;
				MARKETING_VERSION = 1.0;
				PRODUCT_BUNDLE_IDENTIFIER = com.goodloook.pixelmatchUITests;
				PRODUCT_NAME = "$(TARGET_NAME)";
				STRING_CATALOG_GENERATE_SYMBOLS = NO;
				SWIFT_APPROACHABLE_CONCURRENCY = YES;
				SWIFT_EMIT_LOC_STRINGS = NO;
				SWIFT_UPCOMING_FEATURE_MEMBER_IMPORT_VISIBILITY = YES;
				SWIFT_VERSION = 5.0;
				TARGETED_DEVICE_FAMILY = "1,2";
				TEST_TARGET_NAME = pixelmatch;
			};
			name = Debug;
		};
		8225E63B2FACD1350055BB7F /* Release */ = {
			isa = XCBuildConfiguration;
			baseConfigurationReference = EA9719D0B1990A7DDF5A6B9A /* Pods-pixelmatchUITests.release.xcconfig */;
			buildSettings = {
				CODE_SIGN_STYLE = Automatic;
				CURRENT_PROJECT_VERSION = 12;
				DEVELOPMENT_TEAM = X43383F6CJ;
				ENABLE_USER_SCRIPT_SANDBOXING = NO;
				GENERATE_INFOPLIST_FILE = YES;
				MARKETING_VERSION = 1.0;
				PRODUCT_BUNDLE_IDENTIFIER = com.goodloook.pixelmatchUITests;
				PRODUCT_NAME = "$(TARGET_NAME)";
				STRING_CATALOG_GENERATE_SYMBOLS = NO;
				SWIFT_APPROACHABLE_CONCURRENCY = YES;
				SWIFT_EMIT_LOC_STRINGS = NO;
				SWIFT_UPCOMING_FEATURE_MEMBER_IMPORT_VISIBILITY = YES;
				SWIFT_VERSION = 5.0;
				TARGETED_DEVICE_FAMILY = "1,2";
				TEST_TARGET_NAME = pixelmatch;
			};
			name = Release;
		};
/* End XCBuildConfiguration section */

/* Begin XCConfigurationList section */
		8225E6012FACD1320055BB7F /* Build configuration list for PBXProject "pixelmatch" */ = {
			isa = XCConfigurationList;
			buildConfigurations = (
				8225E6312FACD1350055BB7F /* Debug */,
				8225E6322FACD1350055BB7F /* Release */,
			);
			defaultConfigurationIsVisible = 0;
			defaultConfigurationName = Release;
		};
		8225E6332FACD1350055BB7F /* Build configuration list for PBXNativeTarget "pixelmatch" */ = {
			isa = XCConfigurationList;
			buildConfigurations = (
				8225E6342FACD1350055BB7F /* Debug */,
				8225E6352FACD1350055BB7F /* Release */,
			);
			defaultConfigurationIsVisible = 0;
			defaultConfigurationName = Release;
		};
		8225E6362FACD1350055BB7F /* Build configuration list for PBXNativeTarget "pixelmatchTests" */ = {
			isa = XCConfigurationList;
			buildConfigurations = (
				8225E6372FACD1350055BB7F /* Debug */,
				8225E6382FACD1350055BB7F /* Release */,
			);
			defaultConfigurationIsVisible = 0;
			defaultConfigurationName = Release;
		};
		8225E6392FACD1350055BB7F /* Build configuration list for PBXNativeTarget "pixelmatchUITests" */ = {
			isa = XCConfigurationList;
			buildConfigurations = (
				8225E63A2FACD1350055BB7F /* Debug */,
				8225E63B2FACD1350055BB7F /* Release */,
			);
			defaultConfigurationIsVisible = 0;
			defaultConfigurationName = Release;
		};
/* End XCConfigurationList section */

/* Begin XCRemoteSwiftPackageReference section */
		820A89C22FC7DCF000E752E4 /* XCRemoteSwiftPackageReference "HKAdKit" */ = {
			isa = XCRemoteSwiftPackageReference;
			repositoryURL = "https://github.com/HaokanPaipai/HKAdKit.git";
			requirement = {
				branch = main;
				kind = branch;
			};
		};
		820A89C52FC7DD1E00E752E4 /* XCRemoteSwiftPackageReference "HKIAPKit" */ = {
			isa = XCRemoteSwiftPackageReference;
			repositoryURL = "https://github.com/HaokanPaipai/HKIAPKit.git";
			requirement = {
				branch = main;
				kind = branch;
			};
		};
		8291DD352FBC04DB00EEB142 /* XCRemoteSwiftPackageReference "SwiftyJSON" */ = {
			isa = XCRemoteSwiftPackageReference;
			repositoryURL = "https://github.com/SwiftyJSON/SwiftyJSON";
			requirement = {
				kind = upToNextMajorVersion;
				minimumVersion = 5.0.2;
			};
		};
/* End XCRemoteSwiftPackageReference section */

/* Begin XCSwiftPackageProductDependency section */
		820A89C32FC7DCF000E752E4 /* HKAdKit */ = {
			isa = XCSwiftPackageProductDependency;
			package = 820A89C22FC7DCF000E752E4 /* XCRemoteSwiftPackageReference "HKAdKit" */;
			productName = HKAdKit;
		};
		820A89C62FC7DD1E00E752E4 /* HKIAPKit */ = {
			isa = XCSwiftPackageProductDependency;
			package = 820A89C52FC7DD1E00E752E4 /* XCRemoteSwiftPackageReference "HKIAPKit" */;
			productName = HKIAPKit;
		};
		8291DD332FBC04CD00EEB142 /* HKIAPKit */ = {
			isa = XCSwiftPackageProductDependency;
			productName = HKIAPKit;
		};
		8291DD362FBC04DB00EEB142 /* SwiftyJSON */ = {
			isa = XCSwiftPackageProductDependency;
			package = 8291DD352FBC04DB00EEB142 /* XCRemoteSwiftPackageReference "SwiftyJSON" */;
			productName = SwiftyJSON;
		};
		AD000002AD000002AD000002 /* HKAdKit */ = {
			isa = XCSwiftPackageProductDependency;
			productName = HKAdKit;
		};
/* End XCSwiftPackageProductDependency section */
	};
	rootObject = 8225E5FE2FACD1320055BB7F /* Project object */;
}
