{
  "originHash" : "f23d9278f7f94a3fdfd68cc457a4941bb88169825d1405c65f2a33a66dcd2919",
  "pins" : [
    {
      "identity" : "hkadkit",
      "kind" : "remoteSourceControl",
      "location" : "https://github.com/HaokanPaipai/HKAdKit.git",
      "state" : {
        "branch" : "main",
        "revision" : "e8241a2e67ce40e108b9167e40ddb4729a51d0b7"
      }
    },
    {
      "identity" : "hkiapkit",
      "kind" : "remoteSourceControl",
      "location" : "https://github.com/HaokanPaipai/HKIAPKit.git",
      "state" : {
        "branch" : "main",
        "revision" : "216fa7c361383720d5c53fc85375585ac311800d"
      }
    },
    {
      "identity" : "swiftyjson",
      "kind" : "remoteSourceControl",
      "location" : "https://github.com/SwiftyJSON/SwiftyJSON",
      "state" : {
        "revision" : "af76cf3ef710b6ca5f8c05f3a31307d44a3c5828",
        "version" : "5.0.2"
      }
    },
    {
      "identity" : "swiftystorekit",
      "kind" : "remoteSourceControl",
      "location" : "https://github.com/bizz84/SwiftyStoreKit",
      "state" : {
        "revision" : "9ce911639680113dac9b554d6243e406a9758ebe",
        "version" : "0.16.4"
      }
    }
  ],
  "version" : 3
}
